
Microsoft Visual Studio Solution File, Format Version 12.00
# Visual Studio Version 17
VisualStudioVersion = 17.3.32819.101
MinimumVisualStudioVersion = 10.0.40219.1
Project("{FAE04EC0-301F-11D3-BF4B-00C04F79EFBC}") = "Project Data Logger", "Project Data Logger.csproj", "{45400C08-CE2B-48C3-96D1-1C9F9A0BB30C}"
EndProject
Global
	GlobalSection(SolutionConfigurationPlatforms) = preSolution
		Debug|Any CPU = Debug|Any CPU
		Release|Any CPU = Release|Any CPU
	EndGlobalSection
	GlobalSection(ProjectConfigurationPlatforms) = postSolution
		{45400C08-CE2B-48C3-96D1-1C9F9A0BB30C}.Debug|Any CPU.ActiveCfg = Debug|Any CPU
		{45400C08-CE2B-48C3-96D1-1C9F9A0BB30C}.Debug|Any CPU.Build.0 = Debug|Any CPU
		{45400C08-CE2B-48C3-96D1-1C9F9A0BB30C}.Release|Any CPU.ActiveCfg = Release|Any CPU
		{45400C08-CE2B-48C3-96D1-1C9F9A0BB30C}.Release|Any CPU.Build.0 = Release|Any CPU
	EndGlobalSection
	GlobalSection(SolutionProperties) = preSolution
		HideSolutionNode = FALSE
	EndGlobalSection
	GlobalSection(ExtensibilityGlobals) = postSolution
		SolutionGuid = {4AAF8063-F67D-4F02-B776-2FFF3E04AF75}
	EndGlobalSection
EndGlobal
